# This file is autogenerated, do not edit; changes may be undone by the next 'dep ensure'.


[[projects]]
  name = "github.com/golang/glog"
  packages = ["."]
  revision = "44145f04b68cf362d9c4df2182967c2275eaefed"

[[projects]]
  name = "github.com/gorilla/context"
  packages = ["."]
  revision = "215affda49addc4c8ef7e2534915df2c8c35c6cd"

[[projects]]
  name = "github.com/gorilla/mux"
  packages = ["."]
  revision = "e444e69cbd2e2e3e0749a2f3c717cec491552bbf"

[[projects]]
  name = "github.com/kelseyhightower/envconfig"
  packages = ["."]
  revision = "e9049346b6aae8e6ad500c5a4519ad029439d660"

[[projects]]
  branch = "master"
  name = "github.com/simonz05/godis"
  packages = ["redis"]
  revision = "109ffb8e37383eb0e84811aefd5c6b952dfb005d"

[solve-meta]
  analyzer-name = "dep"
  analyzer-version = 1
  inputs-digest = "c6982055cfbfa26b18938105c6c6a0a6ebdac5f249d05dfaa4f920e145f2261b"
  solver-name = "gps-cdcl"
  solver-version = 1
